
Microsoft Visual Studio Solution File, Format Version 12.00
# Visual Studio Version 17
VisualStudioVersion = 17.0.32112.339
MinimumVisualStudioVersion = 10.0.40219.1
Project("{FAE04EC0-301F-11D3-BF4B-00C04F79EFBC}") = "home_page", "home_page\home_page.csproj", "{587AB5DD-31DE-45DF-8068-D71006BA6DCB}"
EndProject
Project("{FAE04EC0-301F-11D3-BF4B-00C04F79EFBC}") = "Test_task_manager", "..\Test_task_manager\Test_task_manager\Test_task_manager.csproj", "{64CBED7F-9107-4775-AE90-77444F5B3CD2}"
EndProject
Project("{FAE04EC0-301F-11D3-BF4B-00C04F79EFBC}") = "MentalHealth", "..\..\..\Downloads\MentalHealth-20220427T044534Z-001\MentalHealth\MentalHealth.csproj", "{3438E253-D32B-41FA-B413-647EBF33F116}"
EndProject
Global
	GlobalSection(SolutionConfigurationPlatforms) = preSolution
		Debug|Any CPU = Debug|Any CPU
		Release|Any CPU = Release|Any CPU
	EndGlobalSection
	GlobalSection(ProjectConfigurationPlatforms) = postSolution
		{587AB5DD-31DE-45DF-8068-D71006BA6DCB}.Debug|Any CPU.ActiveCfg = Debug|Any CPU
		{587AB5DD-31DE-45DF-8068-D71006BA6DCB}.Debug|Any CPU.Build.0 = Debug|Any CPU
		{587AB5DD-31DE-45DF-8068-D71006BA6DCB}.Release|Any CPU.ActiveCfg = Release|Any CPU
		{587AB5DD-31DE-45DF-8068-D71006BA6DCB}.Release|Any CPU.Build.0 = Release|Any CPU
		{64CBED7F-9107-4775-AE90-77444F5B3CD2}.Debug|Any CPU.ActiveCfg = Debug|Any CPU
		{64CBED7F-9107-4775-AE90-77444F5B3CD2}.Debug|Any CPU.Build.0 = Debug|Any CPU
		{64CBED7F-9107-4775-AE90-77444F5B3CD2}.Release|Any CPU.ActiveCfg = Release|Any CPU
		{64CBED7F-9107-4775-AE90-77444F5B3CD2}.Release|Any CPU.Build.0 = Release|Any CPU
		{3438E253-D32B-41FA-B413-647EBF33F116}.Debug|Any CPU.ActiveCfg = Debug|Any CPU
		{3438E253-D32B-41FA-B413-647EBF33F116}.Debug|Any CPU.Build.0 = Debug|Any CPU
		{3438E253-D32B-41FA-B413-647EBF33F116}.Release|Any CPU.ActiveCfg = Release|Any CPU
		{3438E253-D32B-41FA-B413-647EBF33F116}.Release|Any CPU.Build.0 = Release|Any CPU
	EndGlobalSection
	GlobalSection(SolutionProperties) = preSolution
		HideSolutionNode = FALSE
	EndGlobalSection
	GlobalSection(ExtensibilityGlobals) = postSolution
		SolutionGuid = {3ACD2AA7-17EE-4E13-A005-386BC8D9EBAD}
	EndGlobalSection
EndGlobal
